Microsoft Visual Studio Solution File, Format Version 10.00
# Visual Studio 2008
Project("{8BC9CEB8-8B4A-11D0-8D11-00A0C91BC942}") = "RtModel", "RtModel\RtModel.vcproj", "{7C848FBB-2C50-4F47-81C9-B872E9B504C1}"
EndProject
Project("{8BC9CEB8-8B4A-11D0-8D11-00A0C91BC942}") = "Brimstone", "Brimstone\Brimstone.vcproj", "{80AB664E-B56A-4A59-91D6-A8201FC00859}"
	ProjectSection(ProjectDependencies) = postProject
		{34D80D06-0C76-4DA1-B11F-73BD5FB0FCB1} = {34D80D06-0C76-4DA1-B11F-73BD5FB0FCB1}
		{BAF7B280-76CE-4A54-9514-C3E0114B7173} = {BAF7B280-76CE-4A54-9514-C3E0114B7173}
		{7C848FBB-2C50-4F47-81C9-B872E9B504C1} = {7C848FBB-2C50-4F47-81C9-B872E9B504C1}
		{21687638-397B-43A4-B462-C71A741C0C04} = {21687638-397B-43A4-B462-C71A741C0C04}
	EndProjectSection
EndProject
Project("{8BC9CEB8-8B4A-11D0-8D11-00A0C91BC942}") = "Graph", "Graph\Graph.vcproj", "{21687638-397B-43A4-B462-C71A741C0C04}"
EndProject
Project("{8BC9CEB8-8B4A-11D0-8D11-00A0C91BC942}") = "OptimizeN", "OptimizeN\OptimizeN.vcproj", "{34D80D06-0C76-4DA1-B11F-73BD5FB0FCB1}"
EndProject
Project("{8BC9CEB8-8B4A-11D0-8D11-00A0C91BC942}") = "RtOptimizer", "RtOptimizer\RtOptimizer.vcproj", "{BAF7B280-76CE-4A54-9514-C3E0114B7173}"
EndProject
Project("{8BC9CEB8-8B4A-11D0-8D11-00A0C91BC942}") = "GenImaging", "GenImaging\GenImaging.vcproj", "{A4734191-927A-477D-84CE-160028DEAF8F}"
EndProject
Global
	GlobalSection(SubversionScc) = preSolution
		Svn-Managed = True
		Manager = AnkhSVN - Subversion Support for Visual Studio
	EndGlobalSection
	GlobalSection(SolutionConfigurationPlatforms) = preSolution
		Debug|Any CPU = Debug|Any CPU
		Debug|Mixed Platforms = Debug|Mixed Platforms
		Debug|Win32 = Debug|Win32
		Debug|x64 = Debug|x64
		MinSizeRel|Any CPU = MinSizeRel|Any CPU
		MinSizeRel|Mixed Platforms = MinSizeRel|Mixed Platforms
		MinSizeRel|Win32 = MinSizeRel|Win32
		MinSizeRel|x64 = MinSizeRel|x64
		Release|Any CPU = Release|Any CPU
		Release|Mixed Platforms = Release|Mixed Platforms
		Release|Win32 = Release|Win32
		Release|x64 = Release|x64
		RelWithDebInfo|Any CPU = RelWithDebInfo|Any CPU
		RelWithDebInfo|Mixed Platforms = RelWithDebInfo|Mixed Platforms
		RelWithDebInfo|Win32 = RelWithDebInfo|Win32
		RelWithDebInfo|x64 = RelWithDebInfo|x64
	EndGlobalSection
	GlobalSection(ProjectConfigurationPlatforms) = postSolution
		{7C848FBB-2C50-4F47-81C9-B872E9B504C1}.Debug|Any CPU.ActiveCfg = Debug|x64
		{7C848FBB-2C50-4F47-81C9-B872E9B504C1}.Debug|Mixed Platforms.ActiveCfg = Debug|x64
		{7C848FBB-2C50-4F47-81C9-B872E9B504C1}.Debug|Mixed Platforms.Build.0 = Debug|x64
		{7C848FBB-2C50-4F47-81C9-B872E9B504C1}.Debug|Win32.ActiveCfg = Debug|Win32
		{7C848FBB-2C50-4F47-81C9-B872E9B504C1}.Debug|Win32.Build.0 = Debug|Win32
		{7C848FBB-2C50-4F47-81C9-B872E9B504C1}.Debug|x64.ActiveCfg = Debug|x64
		{7C848FBB-2C50-4F47-81C9-B872E9B504C1}.Debug|x64.Build.0 = Debug|x64
		{7C848FBB-2C50-4F47-81C9-B872E9B504C1}.MinSizeRel|Any CPU.ActiveCfg = Release|x64
		{7C848FBB-2C50-4F47-81C9-B872E9B504C1}.MinSizeRel|Mixed Platforms.ActiveCfg = Release|x64
		{7C848FBB-2C50-4F47-81C9-B872E9B504C1}.MinSizeRel|Mixed Platforms.Build.0 = Release|x64
		{7C848FBB-2C50-4F47-81C9-B872E9B504C1}.MinSizeRel|Win32.ActiveCfg = Release|Win32
		{7C848FBB-2C50-4F47-81C9-B872E9B504C1}.MinSizeRel|Win32.Build.0 = Release|Win32
		{7C848FBB-2C50-4F47-81C9-B872E9B504C1}.MinSizeRel|x64.ActiveCfg = Release|x64
		{7C848FBB-2C50-4F47-81C9-B872E9B504C1}.MinSizeRel|x64.Build.0 = Release|x64
		{7C848FBB-2C50-4F47-81C9-B872E9B504C1}.Release|Any CPU.ActiveCfg = Release|x64
		{7C848FBB-2C50-4F47-81C9-B872E9B504C1}.Release|Mixed Platforms.ActiveCfg = Release|x64
		{7C848FBB-2C50-4F47-81C9-B872E9B504C1}.Release|Mixed Platforms.Build.0 = Release|x64
		{7C848FBB-2C50-4F47-81C9-B872E9B504C1}.Release|Win32.ActiveCfg = Release|Win32
		{7C848FBB-2C50-4F47-81C9-B872E9B504C1}.Release|Win32.Build.0 = Release|Win32
		{7C848FBB-2C50-4F47-81C9-B872E9B504C1}.Release|x64.ActiveCfg = Release|x64
		{7C848FBB-2C50-4F47-81C9-B872E9B504C1}.Release|x64.Build.0 = Release|x64
		{7C848FBB-2C50-4F47-81C9-B872E9B504C1}.RelWithDebInfo|Any CPU.ActiveCfg = Release|x64
		{7C848FBB-2C50-4F47-81C9-B872E9B504C1}.RelWithDebInfo|Mixed Platforms.ActiveCfg = Release|x64
		{7C848FBB-2C50-4F47-81C9-B872E9B504C1}.RelWithDebInfo|Mixed Platforms.Build.0 = Release|x64
		{7C848FBB-2C50-4F47-81C9-B872E9B504C1}.RelWithDebInfo|Win32.ActiveCfg = Release|Win32
		{7C848FBB-2C50-4F47-81C9-B872E9B504C1}.RelWithDebInfo|Win32.Build.0 = Release|Win32
		{7C848FBB-2C50-4F47-81C9-B872E9B504C1}.RelWithDebInfo|x64.ActiveCfg = Release|x64
		{7C848FBB-2C50-4F47-81C9-B872E9B504C1}.RelWithDebInfo|x64.Build.0 = Release|x64
		{80AB664E-B56A-4A59-91D6-A8201FC00859}.Debug|Any CPU.ActiveCfg = Debug|x64
		{80AB664E-B56A-4A59-91D6-A8201FC00859}.Debug|Mixed Platforms.ActiveCfg = Debug|x64
		{80AB664E-B56A-4A59-91D6-A8201FC00859}.Debug|Mixed Platforms.Build.0 = Debug|x64
		{80AB664E-B56A-4A59-91D6-A8201FC00859}.Debug|Win32.ActiveCfg = Debug|Win32
		{80AB664E-B56A-4A59-91D6-A8201FC00859}.Debug|Win32.Build.0 = Debug|Win32
		{80AB664E-B56A-4A59-91D6-A8201FC00859}.Debug|x64.ActiveCfg = Debug|x64
		{80AB664E-B56A-4A59-91D6-A8201FC00859}.Debug|x64.Build.0 = Debug|x64
		{80AB664E-B56A-4A59-91D6-A8201FC00859}.MinSizeRel|Any CPU.ActiveCfg = Release|x64
		{80AB664E-B56A-4A59-91D6-A8201FC00859}.MinSizeRel|Mixed Platforms.ActiveCfg = Release|x64
		{80AB664E-B56A-4A59-91D6-A8201FC00859}.MinSizeRel|Mixed Platforms.Build.0 = Release|x64
		{80AB664E-B56A-4A59-91D6-A8201FC00859}.MinSizeRel|Win32.ActiveCfg = Release|Win32
		{80AB664E-B56A-4A59-91D6-A8201FC00859}.MinSizeRel|Win32.Build.0 = Release|Win32
		{80AB664E-B56A-4A59-91D6-A8201FC00859}.MinSizeRel|x64.ActiveCfg = Release|x64
		{80AB664E-B56A-4A59-91D6-A8201FC00859}.MinSizeRel|x64.Build.0 = Release|x64
		{80AB664E-B56A-4A59-91D6-A8201FC00859}.Release|Any CPU.ActiveCfg = Release|x64
		{80AB664E-B56A-4A59-91D6-A8201FC00859}.Release|Mixed Platforms.ActiveCfg = Release|x64
		{80AB664E-B56A-4A59-91D6-A8201FC00859}.Release|Mixed Platforms.Build.0 = Release|x64
		{80AB664E-B56A-4A59-91D6-A8201FC00859}.Release|Win32.ActiveCfg = Release|Win32
		{80AB664E-B56A-4A59-91D6-A8201FC00859}.Release|Win32.Build.0 = Release|Win32
		{80AB664E-B56A-4A59-91D6-A8201FC00859}.Release|x64.ActiveCfg = Release|x64
		{80AB664E-B56A-4A59-91D6-A8201FC00859}.Release|x64.Build.0 = Release|x64
		{80AB664E-B56A-4A59-91D6-A8201FC00859}.RelWithDebInfo|Any CPU.ActiveCfg = Release|x64
		{80AB664E-B56A-4A59-91D6-A8201FC00859}.RelWithDebInfo|Mixed Platforms.ActiveCfg = Release|x64
		{80AB664E-B56A-4A59-91D6-A8201FC00859}.RelWithDebInfo|Mixed Platforms.Build.0 = Release|x64
		{80AB664E-B56A-4A59-91D6-A8201FC00859}.RelWithDebInfo|Win32.ActiveCfg = Release|Win32
		{80AB664E-B56A-4A59-91D6-A8201FC00859}.RelWithDebInfo|Win32.Build.0 = Release|Win32
		{80AB664E-B56A-4A59-91D6-A8201FC00859}.RelWithDebInfo|x64.ActiveCfg = Release|x64
		{80AB664E-B56A-4A59-91D6-A8201FC00859}.RelWithDebInfo|x64.Build.0 = Release|x64
		{21687638-397B-43A4-B462-C71A741C0C04}.Debug|Any CPU.ActiveCfg = Debug|x64
		{21687638-397B-43A4-B462-C71A741C0C04}.Debug|Mixed Platforms.ActiveCfg = Debug|x64
		{21687638-397B-43A4-B462-C71A741C0C04}.Debug|Mixed Platforms.Build.0 = Debug|x64
		{21687638-397B-43A4-B462-C71A741C0C04}.Debug|Win32.ActiveCfg = Debug|Win32
		{21687638-397B-43A4-B462-C71A741C0C04}.Debug|Win32.Build.0 = Debug|Win32
		{21687638-397B-43A4-B462-C71A741C0C04}.Debug|x64.ActiveCfg = Debug|x64
		{21687638-397B-43A4-B462-C71A741C0C04}.Debug|x64.Build.0 = Debug|x64
		{21687638-397B-43A4-B462-C71A741C0C04}.MinSizeRel|Any CPU.ActiveCfg = Release|x64
		{21687638-397B-43A4-B462-C71A741C0C04}.MinSizeRel|Mixed Platforms.ActiveCfg = Release|x64
		{21687638-397B-43A4-B462-C71A741C0C04}.MinSizeRel|Mixed Platforms.Build.0 = Release|x64
		{21687638-397B-43A4-B462-C71A741C0C04}.MinSizeRel|Win32.ActiveCfg = Release|Win32
		{21687638-397B-43A4-B462-C71A741C0C04}.MinSizeRel|Win32.Build.0 = Release|Win32
		{21687638-397B-43A4-B462-C71A741C0C04}.MinSizeRel|x64.ActiveCfg = Release|x64
		{21687638-397B-43A4-B462-C71A741C0C04}.MinSizeRel|x64.Build.0 = Release|x64
		{21687638-397B-43A4-B462-C71A741C0C04}.Release|Any CPU.ActiveCfg = Release|x64
		{21687638-397B-43A4-B462-C71A741C0C04}.Release|Mixed Platforms.ActiveCfg = Release|x64
		{21687638-397B-43A4-B462-C71A741C0C04}.Release|Mixed Platforms.Build.0 = Release|x64
		{21687638-397B-43A4-B462-C71A741C0C04}.Release|Win32.ActiveCfg = Release|Win32
		{21687638-397B-43A4-B462-C71A741C0C04}.Release|Win32.Build.0 = Release|Win32
		{21687638-397B-43A4-B462-C71A741C0C04}.Release|x64.ActiveCfg = Release|x64
		{21687638-397B-43A4-B462-C71A741C0C04}.Release|x64.Build.0 = Release|x64
		{21687638-397B-43A4-B462-C71A741C0C04}.RelWithDebInfo|Any CPU.ActiveCfg = Release|x64
		{21687638-397B-43A4-B462-C71A741C0C04}.RelWithDebInfo|Mixed Platforms.ActiveCfg = Release|x64
		{21687638-397B-43A4-B462-C71A741C0C04}.RelWithDebInfo|Mixed Platforms.Build.0 = Release|x64
		{21687638-397B-43A4-B462-C71A741C0C04}.RelWithDebInfo|Win32.ActiveCfg = Release|Win32
		{21687638-397B-43A4-B462-C71A741C0C04}.RelWithDebInfo|Win32.Build.0 = Release|Win32
		{21687638-397B-43A4-B462-C71A741C0C04}.RelWithDebInfo|x64.ActiveCfg = Release|x64
		{21687638-397B-43A4-B462-C71A741C0C04}.RelWithDebInfo|x64.Build.0 = Release|x64
		{34D80D06-0C76-4DA1-B11F-73BD5FB0FCB1}.Debug|Any CPU.ActiveCfg = Debug|x64
		{34D80D06-0C76-4DA1-B11F-73BD5FB0FCB1}.Debug|Mixed Platforms.ActiveCfg = Debug|x64
		{34D80D06-0C76-4DA1-B11F-73BD5FB0FCB1}.Debug|Mixed Platforms.Build.0 = Debug|x64
		{34D80D06-0C76-4DA1-B11F-73BD5FB0FCB1}.Debug|Win32.ActiveCfg = Debug|Win32
		{34D80D06-0C76-4DA1-B11F-73BD5FB0FCB1}.Debug|Win32.Build.0 = Debug|Win32
		{34D80D06-0C76-4DA1-B11F-73BD5FB0FCB1}.Debug|x64.ActiveCfg = Debug|x64
		{34D80D06-0C76-4DA1-B11F-73BD5FB0FCB1}.Debug|x64.Build.0 = Debug|x64
		{34D80D06-0C76-4DA1-B11F-73BD5FB0FCB1}.MinSizeRel|Any CPU.ActiveCfg = Release|x64
		{34D80D06-0C76-4DA1-B11F-73BD5FB0FCB1}.MinSizeRel|Mixed Platforms.ActiveCfg = Release|x64
		{34D80D06-0C76-4DA1-B11F-73BD5FB0FCB1}.MinSizeRel|Mixed Platforms.Build.0 = Release|x64
		{34D80D06-0C76-4DA1-B11F-73BD5FB0FCB1}.MinSizeRel|Win32.ActiveCfg = Release|Win32
		{34D80D06-0C76-4DA1-B11F-73BD5FB0FCB1}.MinSizeRel|Win32.Build.0 = Release|Win32
		{34D80D06-0C76-4DA1-B11F-73BD5FB0FCB1}.MinSizeRel|x64.ActiveCfg = Release|x64
		{34D80D06-0C76-4DA1-B11F-73BD5FB0FCB1}.MinSizeRel|x64.Build.0 = Release|x64
		{34D80D06-0C76-4DA1-B11F-73BD5FB0FCB1}.Release|Any CPU.ActiveCfg = Release|x64
		{34D80D06-0C76-4DA1-B11F-73BD5FB0FCB1}.Release|Mixed Platforms.ActiveCfg = Release|x64
		{34D80D06-0C76-4DA1-B11F-73BD5FB0FCB1}.Release|Mixed Platforms.Build.0 = Release|x64
		{34D80D06-0C76-4DA1-B11F-73BD5FB0FCB1}.Release|Win32.ActiveCfg = Release|Win32
		{34D80D06-0C76-4DA1-B11F-73BD5FB0FCB1}.Release|Win32.Build.0 = Release|Win32
		{34D80D06-0C76-4DA1-B11F-73BD5FB0FCB1}.Release|x64.ActiveCfg = Release|x64
		{34D80D06-0C76-4DA1-B11F-73BD5FB0FCB1}.Release|x64.Build.0 = Release|x64
		{34D80D06-0C76-4DA1-B11F-73BD5FB0FCB1}.RelWithDebInfo|Any CPU.ActiveCfg = Release|x64
		{34D80D06-0C76-4DA1-B11F-73BD5FB0FCB1}.RelWithDebInfo|Mixed Platforms.ActiveCfg = Release|x64
		{34D80D06-0C76-4DA1-B11F-73BD5FB0FCB1}.RelWithDebInfo|Mixed Platforms.Build.0 = Release|x64
		{34D80D06-0C76-4DA1-B11F-73BD5FB0FCB1}.RelWithDebInfo|Win32.ActiveCfg = Release|Win32
		{34D80D06-0C76-4DA1-B11F-73BD5FB0FCB1}.RelWithDebInfo|Win32.Build.0 = Release|Win32
		{34D80D06-0C76-4DA1-B11F-73BD5FB0FCB1}.RelWithDebInfo|x64.ActiveCfg = Release|x64
		{34D80D06-0C76-4DA1-B11F-73BD5FB0FCB1}.RelWithDebInfo|x64.Build.0 = Release|x64
		{BAF7B280-76CE-4A54-9514-C3E0114B7173}.Debug|Any CPU.ActiveCfg = Debug|x64
		{BAF7B280-76CE-4A54-9514-C3E0114B7173}.Debug|Mixed Platforms.ActiveCfg = Debug|x64
		{BAF7B280-76CE-4A54-9514-C3E0114B7173}.Debug|Mixed Platforms.Build.0 = Debug|x64
		{BAF7B280-76CE-4A54-9514-C3E0114B7173}.Debug|Win32.ActiveCfg = Debug|Win32
		{BAF7B280-76CE-4A54-9514-C3E0114B7173}.Debug|Win32.Build.0 = Debug|Win32
		{BAF7B280-76CE-4A54-9514-C3E0114B7173}.Debug|x64.ActiveCfg = Debug|x64
		{BAF7B280-76CE-4A54-9514-C3E0114B7173}.Debug|x64.Build.0 = Debug|x64
		{BAF7B280-76CE-4A54-9514-C3E0114B7173}.MinSizeRel|Any CPU.ActiveCfg = Release|x64
		{BAF7B280-76CE-4A54-9514-C3E0114B7173}.MinSizeRel|Mixed Platforms.ActiveCfg = Release|x64
		{BAF7B280-76CE-4A54-9514-C3E0114B7173}.MinSizeRel|Mixed Platforms.Build.0 = Release|x64
		{BAF7B280-76CE-4A54-9514-C3E0114B7173}.MinSizeRel|Win32.ActiveCfg = Release|Win32
		{BAF7B280-76CE-4A54-9514-C3E0114B7173}.MinSizeRel|Win32.Build.0 = Release|Win32
		{BAF7B280-76CE-4A54-9514-C3E0114B7173}.MinSizeRel|x64.ActiveCfg = Release|x64
		{BAF7B280-76CE-4A54-9514-C3E0114B7173}.MinSizeRel|x64.Build.0 = Release|x64
		{BAF7B280-76CE-4A54-9514-C3E0114B7173}.Release|Any CPU.ActiveCfg = Release|x64
		{BAF7B280-76CE-4A54-9514-C3E0114B7173}.Release|Mixed Platforms.ActiveCfg = Release|x64
		{BAF7B280-76CE-4A54-9514-C3E0114B7173}.Release|Mixed Platforms.Build.0 = Release|x64
		{BAF7B280-76CE-4A54-9514-C3E0114B7173}.Release|Win32.ActiveCfg = Release|Win32
		{BAF7B280-76CE-4A54-9514-C3E0114B7173}.Release|Win32.Build.0 = Release|Win32
		{BAF7B280-76CE-4A54-9514-C3E0114B7173}.Release|x64.ActiveCfg = Release|x64
		{BAF7B280-76CE-4A54-9514-C3E0114B7173}.Release|x64.Build.0 = Release|x64
		{BAF7B280-76CE-4A54-9514-C3E0114B7173}.RelWithDebInfo|Any CPU.ActiveCfg = Release|x64
		{BAF7B280-76CE-4A54-9514-C3E0114B7173}.RelWithDebInfo|Mixed Platforms.ActiveCfg = Release|x64
		{BAF7B280-76CE-4A54-9514-C3E0114B7173}.RelWithDebInfo|Mixed Platforms.Build.0 = Release|x64
		{BAF7B280-76CE-4A54-9514-C3E0114B7173}.RelWithDebInfo|Win32.ActiveCfg = Release|Win32
		{BAF7B280-76CE-4A54-9514-C3E0114B7173}.RelWithDebInfo|Win32.Build.0 = Release|Win32
		{BAF7B280-76CE-4A54-9514-C3E0114B7173}.RelWithDebInfo|x64.ActiveCfg = Release|x64
		{BAF7B280-76CE-4A54-9514-C3E0114B7173}.RelWithDebInfo|x64.Build.0 = Release|x64
		{A4734191-927A-477D-84CE-160028DEAF8F}.Debug|Any CPU.ActiveCfg = Debug|x64
		{A4734191-927A-477D-84CE-160028DEAF8F}.Debug|Mixed Platforms.ActiveCfg = Debug|x64
		{A4734191-927A-477D-84CE-160028DEAF8F}.Debug|Mixed Platforms.Build.0 = Debug|x64
		{A4734191-927A-477D-84CE-160028DEAF8F}.Debug|Win32.ActiveCfg = Debug|Win32
		{A4734191-927A-477D-84CE-160028DEAF8F}.Debug|Win32.Build.0 = Debug|Win32
		{A4734191-927A-477D-84CE-160028DEAF8F}.Debug|x64.ActiveCfg = Debug|x64
		{A4734191-927A-477D-84CE-160028DEAF8F}.Debug|x64.Build.0 = Debug|x64
		{A4734191-927A-477D-84CE-160028DEAF8F}.MinSizeRel|Any CPU.ActiveCfg = Release|x64
		{A4734191-927A-477D-84CE-160028DEAF8F}.MinSizeRel|Mixed Platforms.ActiveCfg = Release|x64
		{A4734191-927A-477D-84CE-160028DEAF8F}.MinSizeRel|Mixed Platforms.Build.0 = Release|x64
		{A4734191-927A-477D-84CE-160028DEAF8F}.MinSizeRel|Win32.ActiveCfg = Release|Win32
		{A4734191-927A-477D-84CE-160028DEAF8F}.MinSizeRel|Win32.Build.0 = Release|Win32
		{A4734191-927A-477D-84CE-160028DEAF8F}.MinSizeRel|x64.ActiveCfg = Release|x64
		{A4734191-927A-477D-84CE-160028DEAF8F}.MinSizeRel|x64.Build.0 = Release|x64
		{A4734191-927A-477D-84CE-160028DEAF8F}.Release|Any CPU.ActiveCfg = Release|x64
		{A4734191-927A-477D-84CE-160028DEAF8F}.Release|Mixed Platforms.ActiveCfg = Release|x64
		{A4734191-927A-477D-84CE-160028DEAF8F}.Release|Mixed Platforms.Build.0 = Release|x64
		{A4734191-927A-477D-84CE-160028DEAF8F}.Release|Win32.ActiveCfg = Release|Win32
		{A4734191-927A-477D-84CE-160028DEAF8F}.Release|Win32.Build.0 = Release|Win32
		{A4734191-927A-477D-84CE-160028DEAF8F}.Release|x64.ActiveCfg = Release|x64
		{A4734191-927A-477D-84CE-160028DEAF8F}.Release|x64.Build.0 = Release|x64
		{A4734191-927A-477D-84CE-160028DEAF8F}.RelWithDebInfo|Any CPU.ActiveCfg = Release|x64
		{A4734191-927A-477D-84CE-160028DEAF8F}.RelWithDebInfo|Mixed Platforms.ActiveCfg = Release|x64
		{A4734191-927A-477D-84CE-160028DEAF8F}.RelWithDebInfo|Mixed Platforms.Build.0 = Release|x64
		{A4734191-927A-477D-84CE-160028DEAF8F}.RelWithDebInfo|Win32.ActiveCfg = Release|Win32
		{A4734191-927A-477D-84CE-160028DEAF8F}.RelWithDebInfo|Win32.Build.0 = Release|Win32
		{A4734191-927A-477D-84CE-160028DEAF8F}.RelWithDebInfo|x64.ActiveCfg = Release|x64
		{A4734191-927A-477D-84CE-160028DEAF8F}.RelWithDebInfo|x64.Build.0 = Release|x64
	EndGlobalSection
	GlobalSection(SolutionProperties) = preSolution
		HideSolutionNode = FALSE
	EndGlobalSection
EndGlobal
